// !$*UTF8*$!
{
	archiveVersion = 1;
	classes = {
	};
	objectVersion = 77;
	objects = {

/* Begin PBXBuildFile section */
		CF656C4C2CE68E43002BD1B4 /* Add Session From Sharesheet.appex in Embed Foundation Extensions */ = {isa = PBXBuildFile; fileRef = CF656C422CE68E43002BD1B4 /* Add Session From Sharesheet.appex */; platformFilter = ios; settings = {ATTRIBUTES = (RemoveHeadersOnCopy, ); }; };
		CF656C6D2CE699B2002BD1B4 /* Add Session Watch App.app in Embed Watch Content */ = {isa = PBXBuildFile; fileRef = CF656C602CE699B0002BD1B4 /* Add Session Watch App.app */; platformFilter = ios; settings = {ATTRIBUTES = (RemoveHeadersOnCopy, ); }; };
		CF9F28C62CE5FACE007379D5 /* WidgetKit.framework in Frameworks */ = {isa = PBXBuildFile; fileRef = CF9F28C52CE5FACE007379D5 /* WidgetKit.framework */; };
		CF9F28C82CE5FACE007379D5 /* SwiftUI.framework in Frameworks */ = {isa = PBXBuildFile; fileRef = CF9F28C72CE5FACE007379D5 /* SwiftUI.framework */; };
		CF9F28D32CE5FAD0007379D5 /* WidgetExtension.appex in Embed Foundation Extensions */ = {isa = PBXBuildFile; fileRef = CF9F28C32CE5FACE007379D5 /* WidgetExtension.appex */; platformFilter = ios; settings = {ATTRIBUTES = (RemoveHeadersOnCopy, ); }; };
		CFB8CD602CEB576B00120B5F /* WidgetKit.framework in Frameworks */ = {isa = PBXBuildFile; fileRef = CF9F28C52CE5FACE007379D5 /* WidgetKit.framework */; };
		CFB8CD612CEB576B00120B5F /* SwiftUI.framework in Frameworks */ = {isa = PBXBuildFile; fileRef = CF9F28C72CE5FACE007379D5 /* SwiftUI.framework */; };
		CFB8CD6A2CEB576C00120B5F /* WatchWidgetExtensionExtension.appex in Embed Foundation Extensions */ = {isa = PBXBuildFile; fileRef = CFB8CD5F2CEB576B00120B5F /* WatchWidgetExtensionExtension.appex */; settings = {ATTRIBUTES = (RemoveHeadersOnCopy, ); }; };
/* End PBXBuildFile section */

/* Begin PBXContainerItemProxy section */
		CF656C4A2CE68E43002BD1B4 /* PBXContainerItemProxy */ = {
			isa = PBXContainerItemProxy;
			containerPortal = CF4C6E5E2CE38E6200F1A90D /* Project object */;
			proxyType = 1;
			remoteGlobalIDString = CF656C412CE68E43002BD1B4;
			remoteInfo = "Add Session From Sharesheet";
		};
		CF656C6B2CE699B2002BD1B4 /* PBXContainerItemProxy */ = {
			isa = PBXContainerItemProxy;
			containerPortal = CF4C6E5E2CE38E6200F1A90D /* Project object */;
			proxyType = 1;
			remoteGlobalIDString = CF656C5F2CE699B0002BD1B4;
			remoteInfo = "Add Session Watch App";
		};
		CF9F28D12CE5FAD0007379D5 /* PBXContainerItemProxy */ = {
			isa = PBXContainerItemProxy;
			containerPortal = CF4C6E5E2CE38E6200F1A90D /* Project object */;
			proxyType = 1;
			remoteGlobalIDString = CF9F28C22CE5FACE007379D5;
			remoteInfo = WidgetExtension;
		};
		CFB8CD682CEB576C00120B5F /* PBXContainerItemProxy */ = {
			isa = PBXContainerItemProxy;
			containerPortal = CF4C6E5E2CE38E6200F1A90D /* Project object */;
			proxyType = 1;
			remoteGlobalIDString = CFB8CD5E2CEB576B00120B5F;
			remoteInfo = WatchWidgetExtensionExtension;
		};
/* End PBXContainerItemProxy section */

/* Begin PBXCopyFilesBuildPhase section */
		CF656C712CE699B2002BD1B4 /* Embed Watch Content */ = {
			isa = PBXCopyFilesBuildPhase;
			buildActionMask = 2147483647;
			dstPath = "$(CONTENTS_FOLDER_PATH)/Watch";
			dstSubfolderSpec = 16;
			files = (
				CF656C6D2CE699B2002BD1B4 /* Add Session Watch App.app in Embed Watch Content */,
			);
			name = "Embed Watch Content";
			runOnlyForDeploymentPostprocessing = 0;
		};
		CF923C092CE74C4100009865 /* Embed Foundation Extensions */ = {
			isa = PBXCopyFilesBuildPhase;
			buildActionMask = 2147483647;
			dstPath = "";
			dstSubfolderSpec = 13;
			files = (
				CFB8CD6A2CEB576C00120B5F /* WatchWidgetExtensionExtension.appex in Embed Foundation Extensions */,
			);
			name = "Embed Foundation Extensions";
			runOnlyForDeploymentPostprocessing = 0;
		};
		CF9F28D82CE5FAD0007379D5 /* Embed Foundation Extensions */ = {
			isa = PBXCopyFilesBuildPhase;
			buildActionMask = 2147483647;
			dstPath = "";
			dstSubfolderSpec = 13;
			files = (
				CF656C4C2CE68E43002BD1B4 /* Add Session From Sharesheet.appex in Embed Foundation Extensions */,
				CF9F28D32CE5FAD0007379D5 /* WidgetExtension.appex in Embed Foundation Extensions */,
			);
			name = "Embed Foundation Extensions";
			runOnlyForDeploymentPostprocessing = 0;
		};
		CFA0871C2CEA0A9000467FE3 /* Embed ExtensionKit Extensions */ = {
			isa = PBXCopyFilesBuildPhase;
			buildActionMask = 2147483647;
			dstPath = "$(EXTENSIONS_FOLDER_PATH)";
			dstSubfolderSpec = 16;
			files = (
			);
			name = "Embed ExtensionKit Extensions";
			runOnlyForDeploymentPostprocessing = 0;
		};
/* End PBXCopyFilesBuildPhase section */

/* Begin PBXFileReference section */
		CF4C6E662CE38E6200F1A90D /* Shrednotes.app */ = {isa = PBXFileReference; explicitFileType = wrapper.application; includeInIndex = 0; path = Shrednotes.app; sourceTree = BUILT_PRODUCTS_DIR; };
		CF656C422CE68E43002BD1B4 /* Add Session From Sharesheet.appex */ = {isa = PBXFileReference; explicitFileType = "wrapper.app-extension"; includeInIndex = 0; path = "Add Session From Sharesheet.appex"; sourceTree = BUILT_PRODUCTS_DIR; };
		CF656C602CE699B0002BD1B4 /* Add Session Watch App.app */ = {isa = PBXFileReference; explicitFileType = wrapper.application; includeInIndex = 0; path = "Add Session Watch App.app"; sourceTree = BUILT_PRODUCTS_DIR; };
		CF9F28C32CE5FACE007379D5 /* WidgetExtension.appex */ = {isa = PBXFileReference; explicitFileType = "wrapper.app-extension"; includeInIndex = 0; path = WidgetExtension.appex; sourceTree = BUILT_PRODUCTS_DIR; };
		CF9F28C52CE5FACE007379D5 /* WidgetKit.framework */ = {isa = PBXFileReference; lastKnownFileType = wrapper.framework; name = WidgetKit.framework; path = System/Library/Frameworks/WidgetKit.framework; sourceTree = SDKROOT; };
		CF9F28C72CE5FACE007379D5 /* SwiftUI.framework */ = {isa = PBXFileReference; lastKnownFileType = wrapper.framework; name = SwiftUI.framework; path = System/Library/Frameworks/SwiftUI.framework; sourceTree = SDKROOT; };
		CF9F28DE2CE5FDE9007379D5 /* WidgetExtension.entitlements */ = {isa = PBXFileReference; lastKnownFileType = text.plist.entitlements; path = WidgetExtension.entitlements; sourceTree = "<group>"; };
		CFB8CD5F2CEB576B00120B5F /* WatchWidgetExtensionExtension.appex */ = {isa = PBXFileReference; explicitFileType = "wrapper.app-extension"; includeInIndex = 0; path = WatchWidgetExtensionExtension.appex; sourceTree = BUILT_PRODUCTS_DIR; };
/* End PBXFileReference section */

/* Begin PBXFileSystemSynchronizedBuildFileExceptionSet section */
		CF656C502CE68E43002BD1B4 /* Exceptions for "Add Session From Sharesheet" folder in "Add Session From Sharesheet" target */ = {
			isa = PBXFileSystemSynchronizedBuildFileExceptionSet;
			membershipExceptions = (
				Info.plist,
			);
			target = CF656C412CE68E43002BD1B4 /* Add Session From Sharesheet */;
		};
		CF656C522CE68E68002BD1B4 /* Exceptions for "Shrednotes" folder in "Add Session From Sharesheet" target */ = {
			isa = PBXFileSystemSynchronizedBuildFileExceptionSet;
			membershipExceptions = (
				Components/FeelingPickerView.swift,
				Models/BackgroundNotificationsClass.swift,
				Models/Model.swift,
				Models/ShareCoordinator.swift,
				Models/SharedModelContainer.swift,
				Models/Tricks.swift,
				Utilities/Utils.swift,
				"Views/Journal/Photos Share Extension/SEAddSessionView.swift",
				"Views/Journal/Photos Share Extension/ShareView.swift",
			);
			target = CF656C412CE68E43002BD1B4 /* Add Session From Sharesheet */;
		};
		CF656C772CE69A86002BD1B4 /* Exceptions for "Shrednotes" folder in "Add Session Watch App" target */ = {
			isa = PBXFileSystemSynchronizedBuildFileExceptionSet;
			membershipExceptions = (
				Models/Model.swift,
				Models/SessionManager.swift,
				Models/WatchModelContainer.swift,
			);
			target = CF656C5F2CE699B0002BD1B4 /* Add Session Watch App */;
		};
		CF9F28D72CE5FAD0007379D5 /* Exceptions for "Widget" folder in "WidgetExtension" target */ = {
			isa = PBXFileSystemSynchronizedBuildFileExceptionSet;
			membershipExceptions = (
				Info.plist,
			);
			target = CF9F28C22CE5FACE007379D5 /* WidgetExtension */;
		};
		CF9F28DA2CE5FAF1007379D5 /* Exceptions for "Shrednotes" folder in "WidgetExtension" target */ = {
			isa = PBXFileSystemSynchronizedBuildFileExceptionSet;
			membershipExceptions = (
				Models/BackgroundNotificationsClass.swift,
				Models/Model.swift,
				Models/SessionManager.swift,
				Models/ShareCoordinator.swift,
				Models/SharedModelContainer.swift,
				Models/Tricks.swift,
				Models/WatchModelContainer.swift,
				Utilities/TextSummarizer.swift,
				Utilities/Utils.swift,
			);
			target = CF9F28C22CE5FACE007379D5 /* WidgetExtension */;
		};
		CFA087212CEA18DD00467FE3 /* Exceptions for "Shrednotes" folder in "Shrednotes" target */ = {
			isa = PBXFileSystemSynchronizedBuildFileExceptionSet;
			membershipExceptions = (
				Info.plist,
			);
			target = CF4C6E652CE38E6200F1A90D /* Shrednotes */;
		};
		CFB8CD6E2CEB576C00120B5F /* Exceptions for "WatchWidgetExtension" folder in "WatchWidgetExtensionExtension" target */ = {
			isa = PBXFileSystemSynchronizedBuildFileExceptionSet;
			membershipExceptions = (
				Info.plist,
			);
			target = CFB8CD5E2CEB576B00120B5F /* WatchWidgetExtensionExtension */;
		};
		CFB8CD8A2CEB80BB00120B5F /* Exceptions for "Widget" folder in "Shrednotes" target */ = {
			isa = PBXFileSystemSynchronizedBuildFileExceptionSet;
			membershipExceptions = (
				AppIntents.swift,
			);
			target = CF4C6E652CE38E6200F1A90D /* Shrednotes */;
		};
		CFB8CD8B2CEB80BB00120B5F /* Exceptions for "Widget" folder in "WatchWidgetExtensionExtension" target */ = {
			isa = PBXFileSystemSynchronizedBuildFileExceptionSet;
			membershipExceptions = (
				AppIntents.swift,
			);
			target = CFB8CD5E2CEB576B00120B5F /* WatchWidgetExtensionExtension */;
		};
/* End PBXFileSystemSynchronizedBuildFileExceptionSet section */

/* Begin PBXFileSystemSynchronizedRootGroup section */
		CF4C6E682CE38E6200F1A90D /* Shrednotes */ = {
			isa = PBXFileSystemSynchronizedRootGroup;
			exceptions = (
				CFA087212CEA18DD00467FE3 /* Exceptions for "Shrednotes" folder in "Shrednotes" target */,
				CF9F28DA2CE5FAF1007379D5 /* Exceptions for "Shrednotes" folder in "WidgetExtension" target */,
				CF656C522CE68E68002BD1B4 /* Exceptions for "Shrednotes" folder in "Add Session From Sharesheet" target */,
				CF656C772CE69A86002BD1B4 /* Exceptions for "Shrednotes" folder in "Add Session Watch App" target */,
			);
			path = Shrednotes;
			sourceTree = "<group>";
		};
		CF656C432CE68E43002BD1B4 /* Add Session From Sharesheet */ = {
			isa = PBXFileSystemSynchronizedRootGroup;
			exceptions = (
				CF656C502CE68E43002BD1B4 /* Exceptions for "Add Session From Sharesheet" folder in "Add Session From Sharesheet" target */,
			);
			path = "Add Session From Sharesheet";
			sourceTree = "<group>";
		};
		CF656C612CE699B0002BD1B4 /* Add Session Watch App */ = {
			isa = PBXFileSystemSynchronizedRootGroup;
			path = "Add Session Watch App";
			sourceTree = "<group>";
		};
		CF9F28C92CE5FACE007379D5 /* Widget */ = {
			isa = PBXFileSystemSynchronizedRootGroup;
			exceptions = (
				CFB8CD8A2CEB80BB00120B5F /* Exceptions for "Widget" folder in "Shrednotes" target */,
				CF9F28D72CE5FAD0007379D5 /* Exceptions for "Widget" folder in "WidgetExtension" target */,
				CFB8CD8B2CEB80BB00120B5F /* Exceptions for "Widget" folder in "WatchWidgetExtensionExtension" target */,
			);
			path = Widget;
			sourceTree = "<group>";
		};
		CFB8CD622CEB576B00120B5F /* WatchWidgetExtension */ = {
			isa = PBXFileSystemSynchronizedRootGroup;
			exceptions = (
				CFB8CD6E2CEB576C00120B5F /* Exceptions for "WatchWidgetExtension" folder in "WatchWidgetExtensionExtension" target */,
			);
			path = WatchWidgetExtension;
			sourceTree = "<group>";
		};
/* End PBXFileSystemSynchronizedRootGroup section */

/* Begin PBXFrameworksBuildPhase section */
		CF4C6E632CE38E6200F1A90D /* Frameworks */ = {
			isa = PBXFrameworksBuildPhase;
			buildActionMask = 2147483647;
			files = (
			);
			runOnlyForDeploymentPostprocessing = 0;
		};
		CF656C3F2CE68E43002BD1B4 /* Frameworks */ = {
			isa = PBXFrameworksBuildPhase;
			buildActionMask = 2147483647;
			files = (
			);
			runOnlyForDeploymentPostprocessing = 0;
		};
		CF656C5D2CE699B0002BD1B4 /* Frameworks */ = {
			isa = PBXFrameworksBuildPhase;
			buildActionMask = 2147483647;
			files = (
			);
			runOnlyForDeploymentPostprocessing = 0;
		};
		CF9F28C02CE5FACE007379D5 /* Frameworks */ = {
			isa = PBXFrameworksBuildPhase;
			buildActionMask = 2147483647;
			files = (
				CF9F28C82CE5FACE007379D5 /* SwiftUI.framework in Frameworks */,
				CF9F28C62CE5FACE007379D5 /* WidgetKit.framework in Frameworks */,
			);
			runOnlyForDeploymentPostprocessing = 0;
		};
		CFB8CD5C2CEB576B00120B5F /* Frameworks */ = {
			isa = PBXFrameworksBuildPhase;
			buildActionMask = 2147483647;
			files = (
				CFB8CD612CEB576B00120B5F /* SwiftUI.framework in Frameworks */,
				CFB8CD602CEB576B00120B5F /* WidgetKit.framework in Frameworks */,
			);
			runOnlyForDeploymentPostprocessing = 0;
		};
/* End PBXFrameworksBuildPhase section */

/* Begin PBXGroup section */
		CF4C6E5D2CE38E6200F1A90D = {
			isa = PBXGroup;
			children = (
				CF9F28DE2CE5FDE9007379D5 /* WidgetExtension.entitlements */,
				CF4C6E682CE38E6200F1A90D /* Shrednotes */,
				CF9F28C92CE5FACE007379D5 /* Widget */,
				CF656C432CE68E43002BD1B4 /* Add Session From Sharesheet */,
				CF656C612CE699B0002BD1B4 /* Add Session Watch App */,
				CFB8CD622CEB576B00120B5F /* WatchWidgetExtension */,
				CF9F28C42CE5FACE007379D5 /* Frameworks */,
				CF4C6E672CE38E6200F1A90D /* Products */,
			);
			sourceTree = "<group>";
		};
		CF4C6E672CE38E6200F1A90D /* Products */ = {
			isa = PBXGroup;
			children = (
				CF4C6E662CE38E6200F1A90D /* Shrednotes.app */,
				CF9F28C32CE5FACE007379D5 /* WidgetExtension.appex */,
				CF656C422CE68E43002BD1B4 /* Add Session From Sharesheet.appex */,
				CF656C602CE699B0002BD1B4 /* Add Session Watch App.app */,
				CFB8CD5F2CEB576B00120B5F /* WatchWidgetExtensionExtension.appex */,
			);
			name = Products;
			sourceTree = "<group>";
		};
		CF9F28C42CE5FACE007379D5 /* Frameworks */ = {
			isa = PBXGroup;
			children = (
				CF9F28C52CE5FACE007379D5 /* WidgetKit.framework */,
				CF9F28C72CE5FACE007379D5 /* SwiftUI.framework */,
			);
			name = Frameworks;
			sourceTree = "<group>";
		};
/* End PBXGroup section */

/* Begin PBXNativeTarget section */
		CF4C6E652CE38E6200F1A90D /* Shrednotes */ = {
			isa = PBXNativeTarget;
			buildConfigurationList = CF4C6E772CE38E6300F1A90D /* Build configuration list for PBXNativeTarget "Shrednotes" */;
			buildPhases = (
				CF4C6E622CE38E6200F1A90D /* Sources */,
				CF4C6E632CE38E6200F1A90D /* Frameworks */,
				CF4C6E642CE38E6200F1A90D /* Resources */,
				CFA0871C2CEA0A9000467FE3 /* Embed ExtensionKit Extensions */,
				CF9F28D82CE5FAD0007379D5 /* Embed Foundation Extensions */,
				CF656C712CE699B2002BD1B4 /* Embed Watch Content */,
			);
			buildRules = (
			);
			dependencies = (
				CF9F28D22CE5FAD0007379D5 /* PBXTargetDependency */,
				CF656C4B2CE68E43002BD1B4 /* PBXTargetDependency */,
				CF656C6C2CE699B2002BD1B4 /* PBXTargetDependency */,
			);
			fileSystemSynchronizedGroups = (
				CF4C6E682CE38E6200F1A90D /* Shrednotes */,
			);
			name = Shrednotes;
			packageProductDependencies = (
			);
			productName = Shrednotes;
			productReference = CF4C6E662CE38E6200F1A90D /* Shrednotes.app */;
			productType = "com.apple.product-type.application";
		};
		CF656C412CE68E43002BD1B4 /* Add Session From Sharesheet */ = {
			isa = PBXNativeTarget;
			buildConfigurationList = CF656C4D2CE68E43002BD1B4 /* Build configuration list for PBXNativeTarget "Add Session From Sharesheet" */;
			buildPhases = (
				CF656C3E2CE68E43002BD1B4 /* Sources */,
				CF656C3F2CE68E43002BD1B4 /* Frameworks */,
				CF656C402CE68E43002BD1B4 /* Resources */,
			);
			buildRules = (
			);
			dependencies = (
			);
			fileSystemSynchronizedGroups = (
				CF656C432CE68E43002BD1B4 /* Add Session From Sharesheet */,
			);
			name = "Add Session From Sharesheet";
			packageProductDependencies = (
			);
			productName = "Add Session From Sharesheet";
			productReference = CF656C422CE68E43002BD1B4 /* Add Session From Sharesheet.appex */;
			productType = "com.apple.product-type.app-extension";
		};
		CF656C5F2CE699B0002BD1B4 /* Add Session Watch App */ = {
			isa = PBXNativeTarget;
			buildConfigurationList = CF656C6E2CE699B2002BD1B4 /* Build configuration list for PBXNativeTarget "Add Session Watch App" */;
			buildPhases = (
				CF656C5C2CE699B0002BD1B4 /* Sources */,
				CF656C5D2CE699B0002BD1B4 /* Frameworks */,
				CF656C5E2CE699B0002BD1B4 /* Resources */,
				CF923C092CE74C4100009865 /* Embed Foundation Extensions */,
			);
			buildRules = (
			);
			dependencies = (
				CFB8CD692CEB576C00120B5F /* PBXTargetDependency */,
			);
			fileSystemSynchronizedGroups = (
				CF656C612CE699B0002BD1B4 /* Add Session Watch App */,
			);
			name = "Add Session Watch App";
			packageProductDependencies = (
			);
			productName = "Add Session Watch App";
			productReference = CF656C602CE699B0002BD1B4 /* Add Session Watch App.app */;
			productType = "com.apple.product-type.application";
		};
		CF9F28C22CE5FACE007379D5 /* WidgetExtension */ = {
			isa = PBXNativeTarget;
			buildConfigurationList = CF9F28D42CE5FAD0007379D5 /* Build configuration list for PBXNativeTarget "WidgetExtension" */;
			buildPhases = (
				CF9F28BF2CE5FACE007379D5 /* Sources */,
				CF9F28C02CE5FACE007379D5 /* Frameworks */,
				CF9F28C12CE5FACE007379D5 /* Resources */,
			);
			buildRules = (
			);
			dependencies = (
			);
			fileSystemSynchronizedGroups = (
				CF9F28C92CE5FACE007379D5 /* Widget */,
			);
			name = WidgetExtension;
			packageProductDependencies = (
			);
			productName = WidgetExtension;
			productReference = CF9F28C32CE5FACE007379D5 /* WidgetExtension.appex */;
			productType = "com.apple.product-type.app-extension";
		};
		CFB8CD5E2CEB576B00120B5F /* WatchWidgetExtensionExtension */ = {
			isa = PBXNativeTarget;
			buildConfigurationList = CFB8CD6B2CEB576C00120B5F /* Build configuration list for PBXNativeTarget "WatchWidgetExtensionExtension" */;
			buildPhases = (
				CFB8CD5B2CEB576B00120B5F /* Sources */,
				CFB8CD5C2CEB576B00120B5F /* Frameworks */,
				CFB8CD5D2CEB576B00120B5F /* Resources */,
			);
			buildRules = (
			);
			dependencies = (
			);
			fileSystemSynchronizedGroups = (
				CFB8CD622CEB576B00120B5F /* WatchWidgetExtension */,
			);
			name = WatchWidgetExtensionExtension;
			packageProductDependencies = (
			);
			productName = WatchWidgetExtensionExtension;
			productReference = CFB8CD5F2CEB576B00120B5F /* WatchWidgetExtensionExtension.appex */;
			productType = "com.apple.product-type.app-extension";
		};
/* End PBXNativeTarget section */

/* Begin PBXProject section */
		CF4C6E5E2CE38E6200F1A90D /* Project object */ = {
			isa = PBXProject;
			attributes = {
				BuildIndependentTargetsInParallel = 1;
				LastSwiftUpdateCheck = 1610;
				LastUpgradeCheck = 1610;
				TargetAttributes = {
					CF4C6E652CE38E6200F1A90D = {
						CreatedOnToolsVersion = 16.1;
					};
					CF656C412CE68E43002BD1B4 = {
						CreatedOnToolsVersion = 16.1;
					};
					CF656C5F2CE699B0002BD1B4 = {
						CreatedOnToolsVersion = 16.1;
					};
					CF9F28C22CE5FACE007379D5 = {
						CreatedOnToolsVersion = 16.1;
					};
					CFB8CD5E2CEB576B00120B5F = {
						CreatedOnToolsVersion = 16.1;
					};
				};
			};
			buildConfigurationList = CF4C6E612CE38E6200F1A90D /* Build configuration list for PBXProject "Shrednotes" */;
			developmentRegion = en;
			hasScannedForEncodings = 0;
			knownRegions = (
				en,
				Base,
			);
			mainGroup = CF4C6E5D2CE38E6200F1A90D;
			minimizedProjectReferenceProxies = 1;
			packageReferences = (
			);
			preferredProjectObjectVersion = 77;
			productRefGroup = CF4C6E672CE38E6200F1A90D /* Products */;
			projectDirPath = "";
			projectRoot = "";
			targets = (
				CF4C6E652CE38E6200F1A90D /* Shrednotes */,
				CF9F28C22CE5FACE007379D5 /* WidgetExtension */,
				CF656C412CE68E43002BD1B4 /* Add Session From Sharesheet */,
				CF656C5F2CE699B0002BD1B4 /* Add Session Watch App */,
				CFB8CD5E2CEB576B00120B5F /* WatchWidgetExtensionExtension */,
			);
		};
/* End PBXProject section */

/* Begin PBXResourcesBuildPhase section */
		CF4C6E642CE38E6200F1A90D /* Resources */ = {
			isa = PBXResourcesBuildPhase;
			buildActionMask = 2147483647;
			files = (
			);
			runOnlyForDeploymentPostprocessing = 0;
		};
		CF656C402CE68E43002BD1B4 /* Resources */ = {
			isa = PBXResourcesBuildPhase;
			buildActionMask = 2147483647;
			files = (
			);
			runOnlyForDeploymentPostprocessing = 0;
		};
		CF656C5E2CE699B0002BD1B4 /* Resources */ = {
			isa = PBXResourcesBuildPhase;
			buildActionMask = 2147483647;
			files = (
			);
			runOnlyForDeploymentPostprocessing = 0;
		};
		CF9F28C12CE5FACE007379D5 /* Resources */ = {
			isa = PBXResourcesBuildPhase;
			buildActionMask = 2147483647;
			files = (
			);
			runOnlyForDeploymentPostprocessing = 0;
		};
		CFB8CD5D2CEB576B00120B5F /* Resources */ = {
			isa = PBXResourcesBuildPhase;
			buildActionMask = 2147483647;
			files = (
			);
			runOnlyForDeploymentPostprocessing = 0;
		};
/* End PBXResourcesBuildPhase section */

/* Begin PBXSourcesBuildPhase section */
		CF4C6E622CE38E6200F1A90D /* Sources */ = {
			isa = PBXSourcesBuildPhase;
			buildActionMask = 2147483647;
			files = (
			);
			runOnlyForDeploymentPostprocessing = 0;
		};
		CF656C3E2CE68E43002BD1B4 /* Sources */ = {
			isa = PBXSourcesBuildPhase;
			buildActionMask = 2147483647;
			files = (
			);
			runOnlyForDeploymentPostprocessing = 0;
		};
		CF656C5C2CE699B0002BD1B4 /* Sources */ = {
			isa = PBXSourcesBuildPhase;
			buildActionMask = 2147483647;
			files = (
			);
			runOnlyForDeploymentPostprocessing = 0;
		};
		CF9F28BF2CE5FACE007379D5 /* Sources */ = {
			isa = PBXSourcesBuildPhase;
			buildActionMask = 2147483647;
			files = (
			);
			runOnlyForDeploymentPostprocessing = 0;
		};
		CFB8CD5B2CEB576B00120B5F /* Sources */ = {
			isa = PBXSourcesBuildPhase;
			buildActionMask = 2147483647;
			files = (
			);
			runOnlyForDeploymentPostprocessing = 0;
		};
/* End PBXSourcesBuildPhase section */

/* Begin PBXTargetDependency section */
		CF656C4B2CE68E43002BD1B4 /* PBXTargetDependency */ = {
			isa = PBXTargetDependency;
			platformFilter = ios;
			target = CF656C412CE68E43002BD1B4 /* Add Session From Sharesheet */;
			targetProxy = CF656C4A2CE68E43002BD1B4 /* PBXContainerItemProxy */;
		};
		CF656C6C2CE699B2002BD1B4 /* PBXTargetDependency */ = {
			isa = PBXTargetDependency;
			platformFilter = ios;
			target = CF656C5F2CE699B0002BD1B4 /* Add Session Watch App */;
			targetProxy = CF656C6B2CE699B2002BD1B4 /* PBXContainerItemProxy */;
		};
		CF9F28D22CE5FAD0007379D5 /* PBXTargetDependency */ = {
			isa = PBXTargetDependency;
			platformFilter = ios;
			target = CF9F28C22CE5FACE007379D5 /* WidgetExtension */;
			targetProxy = CF9F28D12CE5FAD0007379D5 /* PBXContainerItemProxy */;
		};
		CFB8CD692CEB576C00120B5F /* PBXTargetDependency */ = {
			isa = PBXTargetDependency;
			target = CFB8CD5E2CEB576B00120B5F /* WatchWidgetExtensionExtension */;
			targetProxy = CFB8CD682CEB576C00120B5F /* PBXContainerItemProxy */;
		};
/* End PBXTargetDependency section */

/* Begin XCBuildConfiguration section */
		CF4C6E782CE38E6300F1A90D /* Debug */ = {
			isa = XCBuildConfiguration;
			buildSettings = {
				ASSETCATALOG_COMPILER_ALTERNATE_APPICON_NAMES = "AppIcon2 AppIcon3";
				ASSETCATALOG_COMPILER_APPICON_NAME = AppIcon;
				ASSETCATALOG_COMPILER_GLOBAL_ACCENT_COLOR_NAME = AccentColor;
				CODE_SIGN_ENTITLEMENTS = Shrednotes/Shrednotes.entitlements;
				CODE_SIGN_STYLE = Automatic;
				CURRENT_PROJECT_VERSION = 1;
				DEVELOPMENT_ASSET_PATHS = "\"Shrednotes/Preview Content\"";
				DEVELOPMENT_TEAM = WMGJ7B26TT;
				ENABLE_HARDENED_RUNTIME = YES;
				ENABLE_PREVIEWS = YES;
				GENERATE_INFOPLIST_FILE = YES;
				INFOPLIST_FILE = Shrednotes/Info.plist;
				INFOPLIST_KEY_NSHealthShareUsageDescription = "We need access to your health data to track your skating activities and workouts";
				INFOPLIST_KEY_NSHealthUpdateUsageDescription = "We need permission to save your skating workouts and activities to Apple Health";
				INFOPLIST_KEY_NSLocationAlwaysAndWhenInUseUsageDescription = "Your location is used to track your skating routes and sessions, even when the app is in the background";
				INFOPLIST_KEY_NSLocationAlwaysUsageDescription = "Your location is used to track your skating routes and sessions in the background";
				INFOPLIST_KEY_NSLocationWhenInUseUsageDescription = "Your location is used to track your skating routes and sessions";
				INFOPLIST_KEY_NSPhotoLibraryUsageDescription = "Photo library access is needed to save your skating photos and videos";
				"INFOPLIST_KEY_UIApplicationSceneManifest_Generation[sdk=iphoneos*]" = YES;
				"INFOPLIST_KEY_UIApplicationSceneManifest_Generation[sdk=iphonesimulator*]" = YES;
				"INFOPLIST_KEY_UIApplicationSupportsIndirectInputEvents[sdk=iphoneos*]" = YES;
				"INFOPLIST_KEY_UIApplicationSupportsIndirectInputEvents[sdk=iphonesimulator*]" = YES;
				"INFOPLIST_KEY_UILaunchScreen_Generation[sdk=iphoneos*]" = YES;
				"INFOPLIST_KEY_UILaunchScreen_Generation[sdk=iphonesimulator*]" = YES;
				"INFOPLIST_KEY_UIStatusBarStyle[sdk=iphoneos*]" = UIStatusBarStyleDefault;
				"INFOPLIST_KEY_UIStatusBarStyle[sdk=iphonesimulator*]" = UIStatusBarStyleDefault;
				INFOPLIST_KEY_UISupportedInterfaceOrientations_iPad = "UIInterfaceOrientationPortrait UIInterfaceOrientationPortraitUpsideDown UIInterfaceOrientationLandscapeLeft UIInterfaceOrientationLandscapeRight";
				INFOPLIST_KEY_UISupportedInterfaceOrientations_iPhone = "UIInterfaceOrientationPortrait UIInterfaceOrientationLandscapeLeft UIInterfaceOrientationLandscapeRight";
				IPHONEOS_DEPLOYMENT_TARGET = 18;
				LD_RUNPATH_SEARCH_PATHS = "@executable_path/Frameworks";
				"LD_RUNPATH_SEARCH_PATHS[sdk=macosx*]" = "@executable_path/../Frameworks";
				MACOSX_DEPLOYMENT_TARGET = 14.0;
				MARKETING_VERSION = 1.0.23;
				PRODUCT_BUNDLE_IDENTIFIER = com.kejk.ShredNotes;
				PRODUCT_NAME = "$(TARGET_NAME)";
				SDKROOT = auto;
				SUPPORTED_PLATFORMS = "iphoneos iphonesimulator";
				SUPPORTS_MACCATALYST = NO;
				SWIFT_EMIT_LOC_STRINGS = YES;
				SWIFT_VERSION = 5.0;
				TARGETED_DEVICE_FAMILY = "1,2";
				XROS_DEPLOYMENT_TARGET = 2.1;
			};
			name = Debug;
		};
		CF4C6E792CE38E6300F1A90D /* Release */ = {
			isa = XCBuildConfiguration;
			buildSettings = {
				ASSETCATALOG_COMPILER_ALTERNATE_APPICON_NAMES = "AppIcon2 AppIcon3";
				ASSETCATALOG_COMPILER_APPICON_NAME = AppIcon;
				ASSETCATALOG_COMPILER_GLOBAL_ACCENT_COLOR_NAME = AccentColor;
				CODE_SIGN_ENTITLEMENTS = Shrednotes/Shrednotes.entitlements;
				CODE_SIGN_STYLE = Automatic;
				CURRENT_PROJECT_VERSION = 1;
				DEVELOPMENT_ASSET_PATHS = "\"Shrednotes/Preview Content\"";
				DEVELOPMENT_TEAM = WMGJ7B26TT;
				ENABLE_HARDENED_RUNTIME = YES;
				ENABLE_PREVIEWS = YES;
				GENERATE_INFOPLIST_FILE = YES;
				INFOPLIST_FILE = Shrednotes/Info.plist;
				INFOPLIST_KEY_NSHealthShareUsageDescription = "We need access to your health data to track your skating activities and workouts";
				INFOPLIST_KEY_NSHealthUpdateUsageDescription = "We need permission to save your skating workouts and activities to Apple Health";
				INFOPLIST_KEY_NSLocationAlwaysAndWhenInUseUsageDescription = "Your location is used to track your skating routes and sessions, even when the app is in the background";
				INFOPLIST_KEY_NSLocationAlwaysUsageDescription = "Your location is used to track your skating routes and sessions in the background";
				INFOPLIST_KEY_NSLocationWhenInUseUsageDescription = "Your location is used to track your skating routes and sessions";
				INFOPLIST_KEY_NSPhotoLibraryUsageDescription = "Photo library access is needed to save your skating photos and videos";
				"INFOPLIST_KEY_UIApplicationSceneManifest_Generation[sdk=iphoneos*]" = YES;
				"INFOPLIST_KEY_UIApplicationSceneManifest_Generation[sdk=iphonesimulator*]" = YES;
				"INFOPLIST_KEY_UIApplicationSupportsIndirectInputEvents[sdk=iphoneos*]" = YES;
				"INFOPLIST_KEY_UIApplicationSupportsIndirectInputEvents[sdk=iphonesimulator*]" = YES;
				"INFOPLIST_KEY_UILaunchScreen_Generation[sdk=iphoneos*]" = YES;
				"INFOPLIST_KEY_UILaunchScreen_Generation[sdk=iphonesimulator*]" = YES;
				"INFOPLIST_KEY_UIStatusBarStyle[sdk=iphoneos*]" = UIStatusBarStyleDefault;
				"INFOPLIST_KEY_UIStatusBarStyle[sdk=iphonesimulator*]" = UIStatusBarStyleDefault;
				INFOPLIST_KEY_UISupportedInterfaceOrientations_iPad = "UIInterfaceOrientationPortrait UIInterfaceOrientationPortraitUpsideDown UIInterfaceOrientationLandscapeLeft UIInterfaceOrientationLandscapeRight";
				INFOPLIST_KEY_UISupportedInterfaceOrientations_iPhone = "UIInterfaceOrientationPortrait UIInterfaceOrientationLandscapeLeft UIInterfaceOrientationLandscapeRight";
				IPHONEOS_DEPLOYMENT_TARGET = 18;
				LD_RUNPATH_SEARCH_PATHS = "@executable_path/Frameworks";
				"LD_RUNPATH_SEARCH_PATHS[sdk=macosx*]" = "@executable_path/../Frameworks";
				MACOSX_DEPLOYMENT_TARGET = 14.0;
				MARKETING_VERSION = 1.0.23;
				PRODUCT_BUNDLE_IDENTIFIER = com.kejk.ShredNotes;
				PRODUCT_NAME = "$(TARGET_NAME)";
				SDKROOT = auto;
				SUPPORTED_PLATFORMS = "iphoneos iphonesimulator";
				SUPPORTS_MACCATALYST = NO;
				SWIFT_EMIT_LOC_STRINGS = YES;
				SWIFT_VERSION = 5.0;
				TARGETED_DEVICE_FAMILY = "1,2";
				XROS_DEPLOYMENT_TARGET = 2.1;
			};
			name = Release;
		};
		CF4C6E7A2CE38E6300F1A90D /* Debug */ = {
			isa = XCBuildConfiguration;
			buildSettings = {
				ALWAYS_SEARCH_USER_PATHS = NO;
				ASSETCATALOG_COMPILER_GENERATE_SWIFT_ASSET_SYMBOL_EXTENSIONS = YES;
				CLANG_ANALYZER_NONNULL = YES;
				CLANG_ANALYZER_NUMBER_OBJECT_CONVERSION = YES_AGGRESSIVE;
				CLANG_CXX_LANGUAGE_STANDARD = "gnu++20";
				CLANG_ENABLE_MODULES = YES;
				CLANG_ENABLE_OBJC_ARC = YES;
				CLANG_ENABLE_OBJC_WEAK = YES;
				CLANG_WARN_BLOCK_CAPTURE_AUTORELEASING = YES;
				CLANG_WARN_BOOL_CONVERSION = YES;
				CLANG_WARN_COMMA = YES;
				CLANG_WARN_CONSTANT_CONVERSION = YES;
				CLANG_WARN_DEPRECATED_OBJC_IMPLEMENTATIONS = YES;
				CLANG_WARN_DIRECT_OBJC_ISA_USAGE = YES_ERROR;
				CLANG_WARN_DOCUMENTATION_COMMENTS = YES;
				CLANG_WARN_EMPTY_BODY = YES;
				CLANG_WARN_ENUM_CONVERSION = YES;
				CLANG_WARN_INFINITE_RECURSION = YES;
				CLANG_WARN_INT_CONVERSION = YES;
				CLANG_WARN_NON_LITERAL_NULL_CONVERSION = YES;
				CLANG_WARN_OBJC_IMPLICIT_RETAIN_SELF = YES;
				CLANG_WARN_OBJC_LITERAL_CONVERSION = YES;
				CLANG_WARN_OBJC_ROOT_CLASS = YES_ERROR;
				CLANG_WARN_QUOTED_INCLUDE_IN_FRAMEWORK_HEADER = YES;
				CLANG_WARN_RANGE_LOOP_ANALYSIS = YES;
				CLANG_WARN_STRICT_PROTOTYPES = YES;
				CLANG_WARN_SUSPICIOUS_MOVE = YES;
				CLANG_WARN_UNGUARDED_AVAILABILITY = YES_AGGRESSIVE;
				CLANG_WARN_UNREACHABLE_CODE = YES;
				CLANG_WARN__DUPLICATE_METHOD_MATCH = YES;
				COPY_PHASE_STRIP = NO;
				DEBUG_INFORMATION_FORMAT = dwarf;
				ENABLE_STRICT_OBJC_MSGSEND = YES;
				ENABLE_TESTABILITY = YES;
				ENABLE_USER_SCRIPT_SANDBOXING = YES;
				GCC_C_LANGUAGE_STANDARD = gnu17;
				GCC_DYNAMIC_NO_PIC = NO;
				GCC_NO_COMMON_BLOCKS = YES;
				GCC_OPTIMIZATION_LEVEL = 0;
				GCC_PREPROCESSOR_DEFINITIONS = (
					"DEBUG=1",
					"$(inherited)",
				);
				GCC_WARN_64_TO_32_BIT_CONVERSION = YES;
				GCC_WARN_ABOUT_RETURN_TYPE = YES_ERROR;
				GCC_WARN_UNDECLARED_SELECTOR = YES;
				GCC_WARN_UNINITIALIZED_AUTOS = YES_AGGRESSIVE;
				GCC_WARN_UNUSED_FUNCTION = YES;
				GCC_WARN_UNUSED_VARIABLE = YES;
				LOCALIZATION_PREFERS_STRING_CATALOGS = YES;
				MTL_ENABLE_DEBUG_INFO = INCLUDE_SOURCE;
				MTL_FAST_MATH = YES;
				ONLY_ACTIVE_ARCH = YES;
				SWIFT_ACTIVE_COMPILATION_CONDITIONS = "DEBUG $(inherited)";
				SWIFT_OPTIMIZATION_LEVEL = "-Onone";
			};
			name = Debug;
		};
		CF4C6E7B2CE38E6300F1A90D /* Release */ = {
			isa = XCBuildConfiguration;
			buildSettings = {
				ALWAYS_SEARCH_USER_PATHS = NO;
				ASSETCATALOG_COMPILER_GENERATE_SWIFT_ASSET_SYMBOL_EXTENSIONS = YES;
				CLANG_ANALYZER_NONNULL = YES;
				CLANG_ANALYZER_NUMBER_OBJECT_CONVERSION = YES_AGGRESSIVE;
				CLANG_CXX_LANGUAGE_STANDARD = "gnu++20";
				CLANG_ENABLE_MODULES = YES;
				CLANG_ENABLE_OBJC_ARC = YES;
				CLANG_ENABLE_OBJC_WEAK = YES;
				CLANG_WARN_BLOCK_CAPTURE_AUTORELEASING = YES;
				CLANG_WARN_BOOL_CONVERSION = YES;
				CLANG_WARN_COMMA = YES;
				CLANG_WARN_CONSTANT_CONVERSION = YES;
				CLANG_WARN_DEPRECATED_OBJC_IMPLEMENTATIONS = YES;
				CLANG_WARN_DIRECT_OBJC_ISA_USAGE = YES_ERROR;
				CLANG_WARN_DOCUMENTATION_COMMENTS = YES;
				CLANG_WARN_EMPTY_BODY = YES;
				CLANG_WARN_ENUM_CONVERSION = YES;
				CLANG_WARN_INFINITE_RECURSION = YES;
				CLANG_WARN_INT_CONVERSION = YES;
				CLANG_WARN_NON_LITERAL_NULL_CONVERSION = YES;
				CLANG_WARN_OBJC_IMPLICIT_RETAIN_SELF = YES;
				CLANG_WARN_OBJC_LITERAL_CONVERSION = YES;
				CLANG_WARN_OBJC_ROOT_CLASS = YES_ERROR;
				CLANG_WARN_QUOTED_INCLUDE_IN_FRAMEWORK_HEADER = YES;
				CLANG_WARN_RANGE_LOOP_ANALYSIS = YES;
				CLANG_WARN_STRICT_PROTOTYPES = YES;
				CLANG_WARN_SUSPICIOUS_MOVE = YES;
				CLANG_WARN_UNGUARDED_AVAILABILITY = YES_AGGRESSIVE;
				CLANG_WARN_UNREACHABLE_CODE = YES;
				CLANG_WARN__DUPLICATE_METHOD_MATCH = YES;
				COPY_PHASE_STRIP = NO;
				DEBUG_INFORMATION_FORMAT = "dwarf-with-dsym";
				ENABLE_NS_ASSERTIONS = NO;
				ENABLE_STRICT_OBJC_MSGSEND = YES;
				ENABLE_USER_SCRIPT_SANDBOXING = YES;
				GCC_C_LANGUAGE_STANDARD = gnu17;
				GCC_NO_COMMON_BLOCKS = YES;
				GCC_WARN_64_TO_32_BIT_CONVERSION = YES;
				GCC_WARN_ABOUT_RETURN_TYPE = YES_ERROR;
				GCC_WARN_UNDECLARED_SELECTOR = YES;
				GCC_WARN_UNINITIALIZED_AUTOS = YES_AGGRESSIVE;
				GCC_WARN_UNUSED_FUNCTION = YES;
				GCC_WARN_UNUSED_VARIABLE = YES;
				LOCALIZATION_PREFERS_STRING_CATALOGS = YES;
				MTL_ENABLE_DEBUG_INFO = NO;
				MTL_FAST_MATH = YES;
				SWIFT_COMPILATION_MODE = wholemodule;
			};
			name = Release;
		};
		CF656C4E2CE68E43002BD1B4 /* Debug */ = {
			isa = XCBuildConfiguration;
			buildSettings = {
				CODE_SIGN_ENTITLEMENTS = "Add Session From Sharesheet/Add Session From Sharesheet.entitlements";
				CODE_SIGN_STYLE = Automatic;
				CURRENT_PROJECT_VERSION = 1;
				DEVELOPMENT_TEAM = WMGJ7B26TT;
				GENERATE_INFOPLIST_FILE = YES;
				INFOPLIST_FILE = "Add Session From Sharesheet/Info.plist";
				INFOPLIST_KEY_CFBundleDisplayName = "Add Session From Sharesheet";
				INFOPLIST_KEY_NSHumanReadableCopyright = "";
				IPHONEOS_DEPLOYMENT_TARGET = 18;
				LD_RUNPATH_SEARCH_PATHS = (
					"$(inherited)",
					"@executable_path/Frameworks",
					"@executable_path/../../Frameworks",
				);
				MARKETING_VERSION = 1.0.23;
				PRODUCT_BUNDLE_IDENTIFIER = "com.kejk.ShredNotes.Add-Session-From-Sharesheet";
				PRODUCT_NAME = "$(TARGET_NAME)";
				SDKROOT = iphoneos;
				SKIP_INSTALL = YES;
				SWIFT_EMIT_LOC_STRINGS = YES;
				SWIFT_VERSION = 5.0;
				TARGETED_DEVICE_FAMILY = "1,2";
			};
			name = Debug;
		};
		CF656C4F2CE68E43002BD1B4 /* Release */ = {
			isa = XCBuildConfiguration;
			buildSettings = {
				CODE_SIGN_ENTITLEMENTS = "Add Session From Sharesheet/Add Session From Sharesheet.entitlements";
				CODE_SIGN_STYLE = Automatic;
				CURRENT_PROJECT_VERSION = 1;
				DEVELOPMENT_TEAM = WMGJ7B26TT;
				GENERATE_INFOPLIST_FILE = YES;
				INFOPLIST_FILE = "Add Session From Sharesheet/Info.plist";
				INFOPLIST_KEY_CFBundleDisplayName = "Add Session From Sharesheet";
				INFOPLIST_KEY_NSHumanReadableCopyright = "";
				IPHONEOS_DEPLOYMENT_TARGET = 18;
				LD_RUNPATH_SEARCH_PATHS = (
					"$(inherited)",
					"@executable_path/Frameworks",
					"@executable_path/../../Frameworks",
				);
				MARKETING_VERSION = 1.0.23;
				PRODUCT_BUNDLE_IDENTIFIER = "com.kejk.ShredNotes.Add-Session-From-Sharesheet";
				PRODUCT_NAME = "$(TARGET_NAME)";
				SDKROOT = iphoneos;
				SKIP_INSTALL = YES;
				SWIFT_EMIT_LOC_STRINGS = YES;
				SWIFT_VERSION = 5.0;
				TARGETED_DEVICE_FAMILY = "1,2";
				VALIDATE_PRODUCT = YES;
			};
			name = Release;
		};
		CF656C6F2CE699B2002BD1B4 /* Debug */ = {
			isa = XCBuildConfiguration;
			buildSettings = {
				ASSETCATALOG_COMPILER_APPICON_NAME = AppIcon;
				ASSETCATALOG_COMPILER_GLOBAL_ACCENT_COLOR_NAME = AccentColor;
				ASSETCATALOG_COMPILER_INCLUDE_ALL_APPICON_ASSETS = NO;
				CODE_SIGN_ENTITLEMENTS = "Add Session Watch App/Add Session Watch App.entitlements";
				CODE_SIGN_STYLE = Automatic;
				CURRENT_PROJECT_VERSION = 1;
				DEVELOPMENT_ASSET_PATHS = "\"Add Session Watch App/Preview Content\"";
				DEVELOPMENT_TEAM = WMGJ7B26TT;
				ENABLE_PREVIEWS = YES;
				GENERATE_INFOPLIST_FILE = YES;
				INFOPLIST_FILE = "Add-Session-Watch-App-Info.plist";
				INFOPLIST_KEY_CFBundleDisplayName = "Shrednotes Journal";
				INFOPLIST_KEY_CLKComplicationPrincipalClass = "$(PRODUCT_MODULE_NAME).ComplicationController";
				INFOPLIST_KEY_LSApplicationCategoryType = "";
				INFOPLIST_KEY_UISupportedInterfaceOrientations = "UIInterfaceOrientationPortrait UIInterfaceOrientationPortraitUpsideDown";
				INFOPLIST_KEY_WKCompanionAppBundleIdentifier = com.kejk.ShredNotes;
				INFOPLIST_KEY_WKRunsIndependentlyOfCompanionApp = YES;
				LD_RUNPATH_SEARCH_PATHS = (
					"$(inherited)",
					"@executable_path/Frameworks",
				);
				MARKETING_VERSION = 1.0.23;
				PRODUCT_BUNDLE_IDENTIFIER = com.kejk.ShredNotes.watchkitapp;
				PRODUCT_NAME = "$(TARGET_NAME)";
				SDKROOT = watchos;
				SKIP_INSTALL = YES;
				SWIFT_EMIT_LOC_STRINGS = YES;
				SWIFT_VERSION = 5.0;
				TARGETED_DEVICE_FAMILY = 4;
				WATCHOS_DEPLOYMENT_TARGET = 10;
			};
			name = Debug;
		};
		CF656C702CE699B2002BD1B4 /* Release */ = {
			isa = XCBuildConfiguration;
			buildSettings = {
				ASSETCATALOG_COMPILER_APPICON_NAME = AppIcon;
				ASSETCATALOG_COMPILER_GLOBAL_ACCENT_COLOR_NAME = AccentColor;
				ASSETCATALOG_COMPILER_INCLUDE_ALL_APPICON_ASSETS = NO;
				CODE_SIGN_ENTITLEMENTS = "Add Session Watch App/Add Session Watch App.entitlements";
				CODE_SIGN_STYLE = Automatic;
				CURRENT_PROJECT_VERSION = 1;
				DEVELOPMENT_ASSET_PATHS = "\"Add Session Watch App/Preview Content\"";
				DEVELOPMENT_TEAM = WMGJ7B26TT;
				ENABLE_PREVIEWS = YES;
				GENERATE_INFOPLIST_FILE = YES;
				INFOPLIST_FILE = "Add-Session-Watch-App-Info.plist";
				INFOPLIST_KEY_CFBundleDisplayName = "Shrednotes Journal";
				INFOPLIST_KEY_CLKComplicationPrincipalClass = "$(PRODUCT_MODULE_NAME).ComplicationController";
				INFOPLIST_KEY_LSApplicationCategoryType = "";
				INFOPLIST_KEY_UISupportedInterfaceOrientations = "UIInterfaceOrientationPortrait UIInterfaceOrientationPortraitUpsideDown";
				INFOPLIST_KEY_WKCompanionAppBundleIdentifier = com.kejk.ShredNotes;
				INFOPLIST_KEY_WKRunsIndependentlyOfCompanionApp = YES;
				LD_RUNPATH_SEARCH_PATHS = (
					"$(inherited)",
					"@executable_path/Frameworks",
				);
				MARKETING_VERSION = 1.0.23;
				PRODUCT_BUNDLE_IDENTIFIER = com.kejk.ShredNotes.watchkitapp;
				PRODUCT_NAME = "$(TARGET_NAME)";
				SDKROOT = watchos;
				SKIP_INSTALL = YES;
				SWIFT_EMIT_LOC_STRINGS = YES;
				SWIFT_VERSION = 5.0;
				TARGETED_DEVICE_FAMILY = 4;
				VALIDATE_PRODUCT = YES;
				WATCHOS_DEPLOYMENT_TARGET = 10;
			};
			name = Release;
		};
		CF9F28D52CE5FAD0007379D5 /* Debug */ = {
			isa = XCBuildConfiguration;
			buildSettings = {
				ASSETCATALOG_COMPILER_GLOBAL_ACCENT_COLOR_NAME = AccentColor;
				ASSETCATALOG_COMPILER_WIDGET_BACKGROUND_COLOR_NAME = WidgetBackground;
				CODE_SIGN_ENTITLEMENTS = WidgetExtension.entitlements;
				CODE_SIGN_STYLE = Automatic;
				CURRENT_PROJECT_VERSION = 1;
				DEVELOPMENT_TEAM = WMGJ7B26TT;
				GENERATE_INFOPLIST_FILE = YES;
				INFOPLIST_FILE = Widget/Info.plist;
				INFOPLIST_KEY_CFBundleDisplayName = Widget;
				INFOPLIST_KEY_NSHumanReadableCopyright = "";
				IPHONEOS_DEPLOYMENT_TARGET = 18;
				LD_RUNPATH_SEARCH_PATHS = (
					"$(inherited)",
					"@executable_path/Frameworks",
					"@executable_path/../../Frameworks",
				);
				MARKETING_VERSION = 1.0.23;
				PRODUCT_BUNDLE_IDENTIFIER = com.kejk.ShredNotes.Widget;
				PRODUCT_NAME = "$(TARGET_NAME)";
				SDKROOT = iphoneos;
				SKIP_INSTALL = YES;
				SWIFT_EMIT_LOC_STRINGS = YES;
				SWIFT_VERSION = 5.0;
				TARGETED_DEVICE_FAMILY = "1,2";
			};
			name = Debug;
		};
		CF9F28D62CE5FAD0007379D5 /* Release */ = {
			isa = XCBuildConfiguration;
			buildSettings = {
				ASSETCATALOG_COMPILER_GLOBAL_ACCENT_COLOR_NAME = AccentColor;
				ASSETCATALOG_COMPILER_WIDGET_BACKGROUND_COLOR_NAME = WidgetBackground;
				CODE_SIGN_ENTITLEMENTS = WidgetExtension.entitlements;
				CODE_SIGN_STYLE = Automatic;
				CURRENT_PROJECT_VERSION = 1;
				DEVELOPMENT_TEAM = WMGJ7B26TT;
				GENERATE_INFOPLIST_FILE = YES;
				INFOPLIST_FILE = Widget/Info.plist;
				INFOPLIST_KEY_CFBundleDisplayName = Widget;
				INFOPLIST_KEY_NSHumanReadableCopyright = "";
				IPHONEOS_DEPLOYMENT_TARGET = 18;
				LD_RUNPATH_SEARCH_PATHS = (
					"$(inherited)",
					"@executable_path/Frameworks",
					"@executable_path/../../Frameworks",
				);
				MARKETING_VERSION = 1.0.23;
				PRODUCT_BUNDLE_IDENTIFIER = com.kejk.ShredNotes.Widget;
				PRODUCT_NAME = "$(TARGET_NAME)";
				SDKROOT = iphoneos;
				SKIP_INSTALL = YES;
				SWIFT_EMIT_LOC_STRINGS = YES;
				SWIFT_VERSION = 5.0;
				TARGETED_DEVICE_FAMILY = "1,2";
				VALIDATE_PRODUCT = YES;
			};
			name = Release;
		};
		CFB8CD6C2CEB576C00120B5F /* Debug */ = {
			isa = XCBuildConfiguration;
			buildSettings = {
				ASSETCATALOG_COMPILER_GLOBAL_ACCENT_COLOR_NAME = AccentColor;
				ASSETCATALOG_COMPILER_WIDGET_BACKGROUND_COLOR_NAME = WidgetBackground;
				CODE_SIGN_STYLE = Automatic;
				CURRENT_PROJECT_VERSION = 1;
				DEVELOPMENT_TEAM = WMGJ7B26TT;
				GENERATE_INFOPLIST_FILE = YES;
				INFOPLIST_FILE = WatchWidgetExtension/Info.plist;
				INFOPLIST_KEY_CFBundleDisplayName = WatchWidgetExtension;
				INFOPLIST_KEY_NSHumanReadableCopyright = "";
				LD_RUNPATH_SEARCH_PATHS = (
					"$(inherited)",
					"@executable_path/Frameworks",
					"@executable_path/../../Frameworks",
					"@executable_path/../../../../Frameworks",
				);
				MARKETING_VERSION = 1.0.23;
				PRODUCT_BUNDLE_IDENTIFIER = com.kejk.ShredNotes.watchkitapp.WatchWidgetExtension;
				PRODUCT_NAME = "$(TARGET_NAME)";
				SDKROOT = watchos;
				SKIP_INSTALL = YES;
				SWIFT_EMIT_LOC_STRINGS = YES;
				SWIFT_VERSION = 5.0;
				TARGETED_DEVICE_FAMILY = 4;
				WATCHOS_DEPLOYMENT_TARGET = 10;
			};
			name = Debug;
		};
		CFB8CD6D2CEB576C00120B5F /* Release */ = {
			isa = XCBuildConfiguration;
			buildSettings = {
				ASSETCATALOG_COMPILER_GLOBAL_ACCENT_COLOR_NAME = AccentColor;
				ASSETCATALOG_COMPILER_WIDGET_BACKGROUND_COLOR_NAME = WidgetBackground;
				CODE_SIGN_STYLE = Automatic;
				CURRENT_PROJECT_VERSION = 1;
				DEVELOPMENT_TEAM = WMGJ7B26TT;
				GENERATE_INFOPLIST_FILE = YES;
				INFOPLIST_FILE = WatchWidgetExtension/Info.plist;
				INFOPLIST_KEY_CFBundleDisplayName = WatchWidgetExtension;
				INFOPLIST_KEY_NSHumanReadableCopyright = "";
				LD_RUNPATH_SEARCH_PATHS = (
					"$(inherited)",
					"@executable_path/Frameworks",
					"@executable_path/../../Frameworks",
					"@executable_path/../../../../Frameworks",
				);
				MARKETING_VERSION = 1.0.23;
				PRODUCT_BUNDLE_IDENTIFIER = com.kejk.ShredNotes.watchkitapp.WatchWidgetExtension;
				PRODUCT_NAME = "$(TARGET_NAME)";
				SDKROOT = watchos;
				SKIP_INSTALL = YES;
				SWIFT_EMIT_LOC_STRINGS = YES;
				SWIFT_VERSION = 5.0;
				TARGETED_DEVICE_FAMILY = 4;
				VALIDATE_PRODUCT = YES;
				WATCHOS_DEPLOYMENT_TARGET = 10;
			};
			name = Release;
		};
/* End XCBuildConfiguration section */

/* Begin XCConfigurationList section */
		CF4C6E612CE38E6200F1A90D /* Build configuration list for PBXProject "Shrednotes" */ = {
			isa = XCConfigurationList;
			buildConfigurations = (
				CF4C6E7A2CE38E6300F1A90D /* Debug */,
				CF4C6E7B2CE38E6300F1A90D /* Release */,
			);
			defaultConfigurationIsVisible = 0;
			defaultConfigurationName = Release;
		};
		CF4C6E772CE38E6300F1A90D /* Build configuration list for PBXNativeTarget "Shrednotes" */ = {
			isa = XCConfigurationList;
			buildConfigurations = (
				CF4C6E782CE38E6300F1A90D /* Debug */,
				CF4C6E792CE38E6300F1A90D /* Release */,
			);
			defaultConfigurationIsVisible = 0;
			defaultConfigurationName = Release;
		};
		CF656C4D2CE68E43002BD1B4 /* Build configuration list for PBXNativeTarget "Add Session From Sharesheet" */ = {
			isa = XCConfigurationList;
			buildConfigurations = (
				CF656C4E2CE68E43002BD1B4 /* Debug */,
				CF656C4F2CE68E43002BD1B4 /* Release */,
			);
			defaultConfigurationIsVisible = 0;
			defaultConfigurationName = Release;
		};
		CF656C6E2CE699B2002BD1B4 /* Build configuration list for PBXNativeTarget "Add Session Watch App" */ = {
			isa = XCConfigurationList;
			buildConfigurations = (
				CF656C6F2CE699B2002BD1B4 /* Debug */,
				CF656C702CE699B2002BD1B4 /* Release */,
			);
			defaultConfigurationIsVisible = 0;
			defaultConfigurationName = Release;
		};
		CF9F28D42CE5FAD0007379D5 /* Build configuration list for PBXNativeTarget "WidgetExtension" */ = {
			isa = XCConfigurationList;
			buildConfigurations = (
				CF9F28D52CE5FAD0007379D5 /* Debug */,
				CF9F28D62CE5FAD0007379D5 /* Release */,
			);
			defaultConfigurationIsVisible = 0;
			defaultConfigurationName = Release;
		};
		CFB8CD6B2CEB576C00120B5F /* Build configuration list for PBXNativeTarget "WatchWidgetExtensionExtension" */ = {
			isa = XCConfigurationList;
			buildConfigurations = (
				CFB8CD6C2CEB576C00120B5F /* Debug */,
				CFB8CD6D2CEB576C00120B5F /* Release */,
			);
			defaultConfigurationIsVisible = 0;
			defaultConfigurationName = Release;
		};
/* End XCConfigurationList section */
	};
	rootObject = CF4C6E5E2CE38E6200F1A90D /* Project object */;
}
